
Microsoft Visual Studio Solution File, Format Version 12.00
# Visual Studio Version 17
VisualStudioVersion = 17.14.36127.28 d17.14
MinimumVisualStudioVersion = 10.0.40219.1
Project("{FAE04EC0-301F-11D3-BF4B-00C04F79EFBC}") = "warehouseAndStore", "warehouseAndStore.csproj", "{B3873E13-B34C-4207-A9E8-8E3BAF6B8AF0}"
EndProject
Global
	GlobalSection(SolutionConfigurationPlatforms) = preSolution
		Debug|Any CPU = Debug|Any CPU
		Release|Any CPU = Release|Any CPU
	EndGlobalSection
	GlobalSection(ProjectConfigurationPlatforms) = postSolution
		{B3873E13-B34C-4207-A9E8-8E3BAF6B8AF0}.Debug|Any CPU.ActiveCfg = Debug|Any CPU
		{B3873E13-B34C-4207-A9E8-8E3BAF6B8AF0}.Debug|Any CPU.Build.0 = Debug|Any CPU
		{B3873E13-B34C-4207-A9E8-8E3BAF6B8AF0}.Release|Any CPU.ActiveCfg = Release|Any CPU
		{B3873E13-B34C-4207-A9E8-8E3BAF6B8AF0}.Release|Any CPU.Build.0 = Release|Any CPU
	EndGlobalSection
	GlobalSection(SolutionProperties) = preSolution
		HideSolutionNode = FALSE
	EndGlobalSection
	GlobalSection(ExtensibilityGlobals) = postSolution
		SolutionGuid = {6A4A1897-C072-402D-A9EF-C8DAF6B6C022}
	EndGlobalSection
EndGlobal
